
Microsoft Visual Studio Solution File, Format Version 12.00
# Visual Studio Version 17
VisualStudioVersion = 17.0.31903.59
MinimumVisualStudioVersion = 10.0.40219.1
Project("{FAE04EC0-301F-11D3-BF4B-00C04F79EFBC}") = "API", "API\API.csproj", "{5A60B772-D87F-4667-8D5A-95F3D46E084F}"
EndProject
Project("{FAE04EC0-301F-11D3-BF4B-00C04F79EFBC}") = "Application", "Application\Application.csproj", "{DC26D0F0-E2BF-4278-9A33-E8C327856905}"
EndProject
Project("{FAE04EC0-301F-11D3-BF4B-00C04F79EFBC}") = "Domain", "Domain\Domain.csproj", "{4BD9C3BF-FDC4-4764-8A35-5D84EB3B3913}"
EndProject
Project("{FAE04EC0-301F-11D3-BF4B-00C04F79EFBC}") = "Persistence", "Persistence\Persistence.csproj", "{6EE53A49-36DD-4F78-8C6B-9E5272F10BCD}"
EndProject
Project("{FAE04EC0-301F-11D3-BF4B-00C04F79EFBC}") = "Infrastructure", "Infrastructure\Infrastructure.csproj", "{D5FE9B42-238D-4350-8E97-147B2529232B}"
EndProject
Global
	GlobalSection(SolutionConfigurationPlatforms) = preSolution
		Debug|Any CPU = Debug|Any CPU
		Debug|x64 = Debug|x64
		Debug|x86 = Debug|x86
		Release|Any CPU = Release|Any CPU
		Release|x64 = Release|x64
		Release|x86 = Release|x86
	EndGlobalSection
	GlobalSection(ProjectConfigurationPlatforms) = postSolution
		{5A60B772-D87F-4667-8D5A-95F3D46E084F}.Debug|Any CPU.ActiveCfg = Debug|Any CPU
		{5A60B772-D87F-4667-8D5A-95F3D46E084F}.Debug|Any CPU.Build.0 = Debug|Any CPU
		{5A60B772-D87F-4667-8D5A-95F3D46E084F}.Debug|x64.ActiveCfg = Debug|Any CPU
		{5A60B772-D87F-4667-8D5A-95F3D46E084F}.Debug|x64.Build.0 = Debug|Any CPU
		{5A60B772-D87F-4667-8D5A-95F3D46E084F}.Debug|x86.ActiveCfg = Debug|Any CPU
		{5A60B772-D87F-4667-8D5A-95F3D46E084F}.Debug|x86.Build.0 = Debug|Any CPU
		{5A60B772-D87F-4667-8D5A-95F3D46E084F}.Release|Any CPU.ActiveCfg = Release|Any CPU
		{5A60B772-D87F-4667-8D5A-95F3D46E084F}.Release|Any CPU.Build.0 = Release|Any CPU
		{5A60B772-D87F-4667-8D5A-95F3D46E084F}.Release|x64.ActiveCfg = Release|Any CPU
		{5A60B772-D87F-4667-8D5A-95F3D46E084F}.Release|x64.Build.0 = Release|Any CPU
		{5A60B772-D87F-4667-8D5A-95F3D46E084F}.Release|x86.ActiveCfg = Release|Any CPU
		{5A60B772-D87F-4667-8D5A-95F3D46E084F}.Release|x86.Build.0 = Release|Any CPU
		{DC26D0F0-E2BF-4278-9A33-E8C327856905}.Debug|Any CPU.ActiveCfg = Debug|Any CPU
		{DC26D0F0-E2BF-4278-9A33-E8C327856905}.Debug|Any CPU.Build.0 = Debug|Any CPU
		{DC26D0F0-E2BF-4278-9A33-E8C327856905}.Debug|x64.ActiveCfg = Debug|Any CPU
		{DC26D0F0-E2BF-4278-9A33-E8C327856905}.Debug|x64.Build.0 = Debug|Any CPU
		{DC26D0F0-E2BF-4278-9A33-E8C327856905}.Debug|x86.ActiveCfg = Debug|Any CPU
		{DC26D0F0-E2BF-4278-9A33-E8C327856905}.Debug|x86.Build.0 = Debug|Any CPU
		{DC26D0F0-E2BF-4278-9A33-E8C327856905}.Release|Any CPU.ActiveCfg = Release|Any CPU
		{DC26D0F0-E2BF-4278-9A33-E8C327856905}.Release|Any CPU.Build.0 = Release|Any CPU
		{DC26D0F0-E2BF-4278-9A33-E8C327856905}.Release|x64.ActiveCfg = Release|Any CPU
		{DC26D0F0-E2BF-4278-9A33-E8C327856905}.Release|x64.Build.0 = Release|Any CPU
		{DC26D0F0-E2BF-4278-9A33-E8C327856905}.Release|x86.ActiveCfg = Release|Any CPU
		{DC26D0F0-E2BF-4278-9A33-E8C327856905}.Release|x86.Build.0 = Release|Any CPU
		{4BD9C3BF-FDC4-4764-8A35-5D84EB3B3913}.Debug|Any CPU.ActiveCfg = Debug|Any CPU
		{4BD9C3BF-FDC4-4764-8A35-5D84EB3B3913}.Debug|Any CPU.Build.0 = Debug|Any CPU
		{4BD9C3BF-FDC4-4764-8A35-5D84EB3B3913}.Debug|x64.ActiveCfg = Debug|Any CPU
		{4BD9C3BF-FDC4-4764-8A35-5D84EB3B3913}.Debug|x64.Build.0 = Debug|Any CPU
		{4BD9C3BF-FDC4-4764-8A35-5D84EB3B3913}.Debug|x86.ActiveCfg = Debug|Any CPU
		{4BD9C3BF-FDC4-4764-8A35-5D84EB3B3913}.Debug|x86.Build.0 = Debug|Any CPU
		{4BD9C3BF-FDC4-4764-8A35-5D84EB3B3913}.Release|Any CPU.ActiveCfg = Release|Any CPU
		{4BD9C3BF-FDC4-4764-8A35-5D84EB3B3913}.Release|Any CPU.Build.0 = Release|Any CPU
		{4BD9C3BF-FDC4-4764-8A35-5D84EB3B3913}.Release|x64.ActiveCfg = Release|Any CPU
		{4BD9C3BF-FDC4-4764-8A35-5D84EB3B3913}.Release|x64.Build.0 = Release|Any CPU
		{4BD9C3BF-FDC4-4764-8A35-5D84EB3B3913}.Release|x86.ActiveCfg = Release|Any CPU
		{4BD9C3BF-FDC4-4764-8A35-5D84EB3B3913}.Release|x86.Build.0 = Release|Any CPU
		{6EE53A49-36DD-4F78-8C6B-9E5272F10BCD}.Debug|Any CPU.ActiveCfg = Debug|Any CPU
		{6EE53A49-36DD-4F78-8C6B-9E5272F10BCD}.Debug|Any CPU.Build.0 = Debug|Any CPU
		{6EE53A49-36DD-4F78-8C6B-9E5272F10BCD}.Debug|x64.ActiveCfg = Debug|Any CPU
		{6EE53A49-36DD-4F78-8C6B-9E5272F10BCD}.Debug|x64.Build.0 = Debug|Any CPU
		{6EE53A49-36DD-4F78-8C6B-9E5272F10BCD}.Debug|x86.ActiveCfg = Debug|Any CPU
		{6EE53A49-36DD-4F78-8C6B-9E5272F10BCD}.Debug|x86.Build.0 = Debug|Any CPU
		{6EE53A49-36DD-4F78-8C6B-9E5272F10BCD}.Release|Any CPU.ActiveCfg = Release|Any CPU
		{6EE53A49-36DD-4F78-8C6B-9E5272F10BCD}.Release|Any CPU.Build.0 = Release|Any CPU
		{6EE53A49-36DD-4F78-8C6B-9E5272F10BCD}.Release|x64.ActiveCfg = Release|Any CPU
		{6EE53A49-36DD-4F78-8C6B-9E5272F10BCD}.Release|x64.Build.0 = Release|Any CPU
		{6EE53A49-36DD-4F78-8C6B-9E5272F10BCD}.Release|x86.ActiveCfg = Release|Any CPU
		{6EE53A49-36DD-4F78-8C6B-9E5272F10BCD}.Release|x86.Build.0 = Release|Any CPU
		{D5FE9B42-238D-4350-8E97-147B2529232B}.Debug|Any CPU.ActiveCfg = Debug|Any CPU
		{D5FE9B42-238D-4350-8E97-147B2529232B}.Debug|Any CPU.Build.0 = Debug|Any CPU
		{D5FE9B42-238D-4350-8E97-147B2529232B}.Debug|x64.ActiveCfg = Debug|Any CPU
		{D5FE9B42-238D-4350-8E97-147B2529232B}.Debug|x64.Build.0 = Debug|Any CPU
		{D5FE9B42-238D-4350-8E97-147B2529232B}.Debug|x86.ActiveCfg = Debug|Any CPU
		{D5FE9B42-238D-4350-8E97-147B2529232B}.Debug|x86.Build.0 = Debug|Any CPU
		{D5FE9B42-238D-4350-8E97-147B2529232B}.Release|Any CPU.ActiveCfg = Release|Any CPU
		{D5FE9B42-238D-4350-8E97-147B2529232B}.Release|Any CPU.Build.0 = Release|Any CPU
		{D5FE9B42-238D-4350-8E97-147B2529232B}.Release|x64.ActiveCfg = Release|Any CPU
		{D5FE9B42-238D-4350-8E97-147B2529232B}.Release|x64.Build.0 = Release|Any CPU
		{D5FE9B42-238D-4350-8E97-147B2529232B}.Release|x86.ActiveCfg = Release|Any CPU
		{D5FE9B42-238D-4350-8E97-147B2529232B}.Release|x86.Build.0 = Release|Any CPU
	EndGlobalSection
	GlobalSection(SolutionProperties) = preSolution
		HideSolutionNode = FALSE
	EndGlobalSection
EndGlobal
